
Microsoft Visual Studio Solution File, Format Version 12.00
# Visual Studio Version 17
VisualStudioVersion = 17.13.35931.197 d17.13
MinimumVisualStudioVersion = 10.0.40219.1
Project("{FAE04EC0-301F-11D3-BF4B-00C04F79EFBC}") = "Task Tracker Application", "Task Tracker Application\Task Tracker Application.csproj", "{B3F70A39-6ACC-42AB-8217-843D8E3CFE89}"
EndProject
Global
	GlobalSection(SolutionConfigurationPlatforms) = preSolution
		Debug|Any CPU = Debug|Any CPU
		Release|Any CPU = Release|Any CPU
	EndGlobalSection
	GlobalSection(ProjectConfigurationPlatforms) = postSolution
		{B3F70A39-6ACC-42AB-8217-843D8E3CFE89}.Debug|Any CPU.ActiveCfg = Debug|Any CPU
		{B3F70A39-6ACC-42AB-8217-843D8E3CFE89}.Debug|Any CPU.Build.0 = Debug|Any CPU
		{B3F70A39-6ACC-42AB-8217-843D8E3CFE89}.Release|Any CPU.ActiveCfg = Release|Any CPU
		{B3F70A39-6ACC-42AB-8217-843D8E3CFE89}.Release|Any CPU.Build.0 = Release|Any CPU
	EndGlobalSection
	GlobalSection(SolutionProperties) = preSolution
		HideSolutionNode = FALSE
	EndGlobalSection
	GlobalSection(ExtensibilityGlobals) = postSolution
		SolutionGuid = {FB4E4280-2519-46C5-911E-78659F908A9B}
	EndGlobalSection
EndGlobal
